
Microsoft Visual Studio Solution File, Format Version 12.00
# Visual Studio Version 16
VisualStudioVersion = 16.0.30907.101
MinimumVisualStudioVersion = 10.0.40219.1
Project("{9A19103F-16F7-4668-BE54-9A1E7A4F7556}") = "ReferenceType", "ReferansType\ReferenceType.csproj", "{F8282C45-4F35-4DFF-A88C-068959C709FF}"
EndProject
Project("{9A19103F-16F7-4668-BE54-9A1E7A4F7556}") = "Constructors", "Constructors\Constructors.csproj", "{54AB300E-65C6-4C22-A9BC-25C2C61E9B76}"
EndProject
Project("{9A19103F-16F7-4668-BE54-9A1E7A4F7556}") = "Generics", "Generics\Generics.csproj", "{0A1FBE11-4DA6-4BC2-9B7E-7BCAFE3BA01F}"
EndProject
Project("{FAE04EC0-301F-11D3-BF4B-00C04F79EFBC}") = "Dictionary", "Dictionary\Dictionary.csproj", "{236EEEDA-0FA2-4740-A7F3-EC37B7A4A171}"
EndProject
Project("{FAE04EC0-301F-11D3-BF4B-00C04F79EFBC}") = "MyDictionary", "MyDictionary\MyDictionary.csproj", "{5CAD084B-1926-4849-AC01-462B3D7ED0D9}"
EndProject
Global
	GlobalSection(SolutionConfigurationPlatforms) = preSolution
		Debug|Any CPU = Debug|Any CPU
		Release|Any CPU = Release|Any CPU
	EndGlobalSection
	GlobalSection(ProjectConfigurationPlatforms) = postSolution
		{F8282C45-4F35-4DFF-A88C-068959C709FF}.Debug|Any CPU.ActiveCfg = Debug|Any CPU
		{F8282C45-4F35-4DFF-A88C-068959C709FF}.Debug|Any CPU.Build.0 = Debug|Any CPU
		{F8282C45-4F35-4DFF-A88C-068959C709FF}.Release|Any CPU.ActiveCfg = Release|Any CPU
		{F8282C45-4F35-4DFF-A88C-068959C709FF}.Release|Any CPU.Build.0 = Release|Any CPU
		{54AB300E-65C6-4C22-A9BC-25C2C61E9B76}.Debug|Any CPU.ActiveCfg = Debug|Any CPU
		{54AB300E-65C6-4C22-A9BC-25C2C61E9B76}.Debug|Any CPU.Build.0 = Debug|Any CPU
		{54AB300E-65C6-4C22-A9BC-25C2C61E9B76}.Release|Any CPU.ActiveCfg = Release|Any CPU
		{54AB300E-65C6-4C22-A9BC-25C2C61E9B76}.Release|Any CPU.Build.0 = Release|Any CPU
		{0A1FBE11-4DA6-4BC2-9B7E-7BCAFE3BA01F}.Debug|Any CPU.ActiveCfg = Debug|Any CPU
		{0A1FBE11-4DA6-4BC2-9B7E-7BCAFE3BA01F}.Debug|Any CPU.Build.0 = Debug|Any CPU
		{0A1FBE11-4DA6-4BC2-9B7E-7BCAFE3BA01F}.Release|Any CPU.ActiveCfg = Release|Any CPU
		{0A1FBE11-4DA6-4BC2-9B7E-7BCAFE3BA01F}.Release|Any CPU.Build.0 = Release|Any CPU
		{236EEEDA-0FA2-4740-A7F3-EC37B7A4A171}.Debug|Any CPU.ActiveCfg = Debug|Any CPU
		{236EEEDA-0FA2-4740-A7F3-EC37B7A4A171}.Debug|Any CPU.Build.0 = Debug|Any CPU
		{236EEEDA-0FA2-4740-A7F3-EC37B7A4A171}.Release|Any CPU.ActiveCfg = Release|Any CPU
		{236EEEDA-0FA2-4740-A7F3-EC37B7A4A171}.Release|Any CPU.Build.0 = Release|Any CPU
		{5CAD084B-1926-4849-AC01-462B3D7ED0D9}.Debug|Any CPU.ActiveCfg = Debug|Any CPU
		{5CAD084B-1926-4849-AC01-462B3D7ED0D9}.Debug|Any CPU.Build.0 = Debug|Any CPU
		{5CAD084B-1926-4849-AC01-462B3D7ED0D9}.Release|Any CPU.ActiveCfg = Release|Any CPU
		{5CAD084B-1926-4849-AC01-462B3D7ED0D9}.Release|Any CPU.Build.0 = Release|Any CPU
	EndGlobalSection
	GlobalSection(SolutionProperties) = preSolution
		HideSolutionNode = FALSE
	EndGlobalSection
	GlobalSection(ExtensibilityGlobals) = postSolution
		SolutionGuid = {12F9EF86-1C07-4900-A99B-6D9D3C36FACC}
	EndGlobalSection
EndGlobal
